
Microsoft Visual Studio Solution File, Format Version 12.00
# Visual Studio 15
VisualStudioVersion = 15.0.26730.3
MinimumVisualStudioVersion = 10.0.40219.1
Project("{9A19103F-16F7-4668-BE54-9A1E7A4F7556}") = "leetcode", "leetcode\leetcode.csproj", "{81590193-3FF5-4457-8C30-D659F2270AD1}"
EndProject
Project("{FAE04EC0-301F-11D3-BF4B-00C04F79EFBC}") = "leetcode.tests", "leetcode.tests\leetcode.tests.csproj", "{359E7801-CB68-41AC-96CF-82C50B19C8B9}"
EndProject
Global
	GlobalSection(SolutionConfigurationPlatforms) = preSolution
		Debug|Any CPU = Debug|Any CPU
		Release|Any CPU = Release|Any CPU
	EndGlobalSection
	GlobalSection(ProjectConfigurationPlatforms) = postSolution
		{81590193-3FF5-4457-8C30-D659F2270AD1}.Debug|Any CPU.ActiveCfg = Debug|Any CPU
		{81590193-3FF5-4457-8C30-D659F2270AD1}.Debug|Any CPU.Build.0 = Debug|Any CPU
		{81590193-3FF5-4457-8C30-D659F2270AD1}.Release|Any CPU.ActiveCfg = Release|Any CPU
		{81590193-3FF5-4457-8C30-D659F2270AD1}.Release|Any CPU.Build.0 = Release|Any CPU
		{359E7801-CB68-41AC-96CF-82C50B19C8B9}.Debug|Any CPU.ActiveCfg = Debug|Any CPU
		{359E7801-CB68-41AC-96CF-82C50B19C8B9}.Debug|Any CPU.Build.0 = Debug|Any CPU
		{359E7801-CB68-41AC-96CF-82C50B19C8B9}.Release|Any CPU.ActiveCfg = Release|Any CPU
		{359E7801-CB68-41AC-96CF-82C50B19C8B9}.Release|Any CPU.Build.0 = Release|Any CPU
	EndGlobalSection
	GlobalSection(SolutionProperties) = preSolution
		HideSolutionNode = FALSE
	EndGlobalSection
	GlobalSection(ExtensibilityGlobals) = postSolution
		SolutionGuid = {4563ADDF-41F1-4814-97ED-A222A1202649}
	EndGlobalSection
EndGlobal
